
Microsoft Visual Studio Solution File, Format Version 12.00
Project("{2150E333-8FDC-42A3-9474-1A3956D46DE8}") = "Solution Items", "Solution Items", "{24571D7E-9FD0-4040-AC64-40248CDB258C}"
EndProject
Project("{FAE04EC0-301F-11D3-BF4B-00C04F79EFBC}") = "LightsOn.BlazorApp.Tests.Unit", "LightsOn.BlazorApp.Tests.Unit\LightsOn.BlazorApp.Tests.Unit.csproj", "{E9BCAD3B-2DF1-449A-AE3F-9BB89AA1F3A0}"
EndProject
Project("{FAE04EC0-301F-11D3-BF4B-00C04F79EFBC}") = "LightsOn.WebApp", "LightsOn.WebApp\LightsOn.WebApp.csproj", "{5E15DE05-A069-436D-BEFA-307D8B058D47}"
EndProject
Global
	GlobalSection(SolutionConfigurationPlatforms) = preSolution
		Debug|Any CPU = Debug|Any CPU
		Release|Any CPU = Release|Any CPU
	EndGlobalSection
	GlobalSection(ProjectConfigurationPlatforms) = postSolution
		{E9BCAD3B-2DF1-449A-AE3F-9BB89AA1F3A0}.Debug|Any CPU.ActiveCfg = Debug|Any CPU
		{E9BCAD3B-2DF1-449A-AE3F-9BB89AA1F3A0}.Debug|Any CPU.Build.0 = Debug|Any CPU
		{E9BCAD3B-2DF1-449A-AE3F-9BB89AA1F3A0}.Release|Any CPU.ActiveCfg = Release|Any CPU
		{E9BCAD3B-2DF1-449A-AE3F-9BB89AA1F3A0}.Release|Any CPU.Build.0 = Release|Any CPU
		{5E15DE05-A069-436D-BEFA-307D8B058D47}.Debug|Any CPU.ActiveCfg = Debug|Any CPU
		{5E15DE05-A069-436D-BEFA-307D8B058D47}.Debug|Any CPU.Build.0 = Debug|Any CPU
		{5E15DE05-A069-436D-BEFA-307D8B058D47}.Release|Any CPU.ActiveCfg = Release|Any CPU
		{5E15DE05-A069-436D-BEFA-307D8B058D47}.Release|Any CPU.Build.0 = Release|Any CPU
	EndGlobalSection
EndGlobal
